# generated by rye
# use `rye lock` or `rye sync` to update this lockfile
#
# last locked with the following flags:
#   pre: false
#   features: []
#   all-features: false
#   with-sources: false

-e file:.
addict==2.4.0
    # via refiners
certifi==2024.2.2
    # via requests
charset-normalizer==3.3.2
    # via requests
contourpy==1.2.0
    # via matplotlib
cycler==0.12.1
    # via matplotlib
defusedxml==0.7.1
    # via supervision
filelock==3.13.1
    # via huggingface-hub
    # via torch
    # via transformers
fonttools==4.49.0
    # via matplotlib
fsspec==2023.10.0
    # via huggingface-hub
    # via torch
huggingface-hub==0.20.3
    # via timm
    # via tokenizers
    # via transformers
idna==3.6
    # via requests
importlib-metadata==7.0.1
    # via yapf
jaxtyping==0.2.25
    # via refiners
jinja2==3.1.3
    # via torch
kiwisolver==1.4.5
    # via matplotlib
markupsafe==2.1.4
    # via jinja2
matplotlib==3.8.3
    # via pycocotools
    # via supervision
mpmath==1.3.0
    # via sympy
networkx==3.2.1
    # via torch
numpy==1.26.3
    # via contourpy
    # via jaxtyping
    # via matplotlib
    # via opencv-python-headless
    # via pycocotools
    # via scipy
    # via supervision
    # via torchvision
    # via transformers
opencv-python-headless==4.9.0.80
    # via supervision
packaging==23.2
    # via huggingface-hub
    # via matplotlib
    # via refiners
    # via transformers
pillow==10.2.0
    # via matplotlib
    # via refiners
    # via torchvision
platformdirs==4.2.0
    # via yapf
pycocotools==2.0.7
    # via refiners
pyparsing==3.1.1
    # via matplotlib
python-dateutil==2.8.2
    # via matplotlib
pyyaml==6.0.1
    # via huggingface-hub
    # via supervision
    # via timm
    # via transformers
regex==2023.12.25
    # via transformers
requests==2.31.0
    # via huggingface-hub
    # via torchvision
    # via transformers
safetensors==0.4.2
    # via refiners
    # via timm
    # via transformers
scipy==1.12.0
    # via supervision
six==1.16.0
    # via python-dateutil
supervision==0.18.0
    # via refiners
sympy==1.12
    # via torch
timm==0.9.16
    # via refiners
tokenizers==0.15.2
    # via transformers
tomli==2.0.1
    # via yapf
torch==2.2.0
    # via refiners
    # via timm
    # via torchvision
torchvision==0.17.0
    # via refiners
    # via timm
tqdm==4.66.2
    # via huggingface-hub
    # via transformers
transformers==4.38.0
    # via refiners
typeguard==2.13.3
    # via jaxtyping
typing-extensions==4.9.0
    # via huggingface-hub
    # via jaxtyping
    # via torch
urllib3==2.2.1
    # via requests
yapf==0.40.2
    # via refiners
zipp==3.17.0
    # via importlib-metadata
